
Microsoft Visual Studio Solution File, Format Version 12.00
# Visual Studio Version 17
VisualStudioVersion = 17.4.33213.308
MinimumVisualStudioVersion = 10.0.40219.1
Project("{9A19103F-16F7-4668-BE54-9A1E7A4F7556}") = "WebApi_Minimal_EF_Dapper", "WebApi_Minimal_EF_Dapper\WebApi_Minimal_EF_Dapper.csproj", "{A8BDF110-21B0-48A6-9420-8BD57A68C9BF}"
EndProject
Global
	GlobalSection(SolutionConfigurationPlatforms) = preSolution
		Debug|Any CPU = Debug|Any CPU
		Release|Any CPU = Release|Any CPU
	EndGlobalSection
	GlobalSection(ProjectConfigurationPlatforms) = postSolution
		{A8BDF110-21B0-48A6-9420-8BD57A68C9BF}.Debug|Any CPU.ActiveCfg = Debug|Any CPU
		{A8BDF110-21B0-48A6-9420-8BD57A68C9BF}.Debug|Any CPU.Build.0 = Debug|Any CPU
		{A8BDF110-21B0-48A6-9420-8BD57A68C9BF}.Release|Any CPU.ActiveCfg = Release|Any CPU
		{A8BDF110-21B0-48A6-9420-8BD57A68C9BF}.Release|Any CPU.Build.0 = Release|Any CPU
	EndGlobalSection
	GlobalSection(SolutionProperties) = preSolution
		HideSolutionNode = FALSE
	EndGlobalSection
	GlobalSection(ExtensibilityGlobals) = postSolution
		SolutionGuid = {F67F395B-32C5-40EF-AC6E-57DBF181042A}
	EndGlobalSection
EndGlobal
